{
  "nodes": {
    "brew-src": {
      "flake": false,
      "locked": {
        "lastModified": 1769363988,
        "narHash": "sha256-BiGPeulrDVetXP+tjxhMcGLUROZAtZIhU5m4MqawCfM=",
        "owner": "Homebrew",
        "repo": "brew",
        "rev": "d01011cac6d72032c75fd2cd9489909e95d9faf2",
        "type": "github"
      },
      "original": {
        "owner": "Homebrew",
        "ref": "5.0.12",
        "repo": "brew",
        "type": "github"
      }
    },
    "home-manager": {
      "inputs": {
        "nixpkgs": [
          "nixpkgs"
        ]
      },
      "locked": {
        "lastModified": 1770915843,
        "narHash": "sha256-ZwU5wXKNqpOQvjNz6aBp1j5peiBZow1++6pLnk5VAhs=",
        "owner": "nix-community",
        "repo": "home-manager",
        "rev": "6a1f7101d2c3ee87d485a87880d73b4665c6a4bd",
        "type": "github"
      },
      "original": {
        "owner": "nix-community",
        "repo": "home-manager",
        "type": "github"
      }
    },
    "homebrew-cask": {
      "flake": false,
      "locked": {
        "lastModified": 1770927373,
        "narHash": "sha256-338LjAT79W6DeLT6cib0ipE/Dh2dTihrHitHFdO0KeY=",
        "owner": "homebrew",
        "repo": "homebrew-cask",
        "rev": "012123e847db903288ae42e5dc2dbc2bf2c1cec5",
        "type": "github"
      },
      "original": {
        "owner": "homebrew",
        "repo": "homebrew-cask",
        "type": "github"
      }
    },
    "homebrew-core": {
      "flake": false,
      "locked": {
        "lastModified": 1770926991,
        "narHash": "sha256-4UjJHe1QQWXlcJmnnuITPfp/fdaftjrgQvk2AoXV22M=",
        "owner": "homebrew",
        "repo": "homebrew-core",
        "rev": "fe92b629e3195c3465119428c8288bbb87be91d0",
        "type": "github"
      },
      "original": {
        "owner": "homebrew",
        "repo": "homebrew-core",
        "type": "github"
      }
    },
    "nix-darwin": {
      "inputs": {
        "nixpkgs": [
          "nixpkgs"
        ]
      },
      "locked": {
        "lastModified": 1770922915,
        "narHash": "sha256-6J/JoK9iL7sHvKJcGW2KId2agaKv1OGypsa7kN+ZBD4=",
        "owner": "nix-darwin",
        "repo": "nix-darwin",
        "rev": "6c5a56295d2a24e43bcd8af838def1b9a95746b2",
        "type": "github"
      },
      "original": {
        "owner": "nix-darwin",
        "ref": "master",
        "repo": "nix-darwin",
        "type": "github"
      }
    },
    "nix-homebrew": {
      "inputs": {
        "brew-src": "brew-src"
      },
      "locked": {
        "lastModified": 1769437432,
        "narHash": "sha256-8d7KnCpT2LweRvSzZYEGd9IM3eFX+A78opcnDM0+ndk=",
        "owner": "zhaofengli-wip",
        "repo": "nix-homebrew",
        "rev": "a5409abd0d5013d79775d3419bcac10eacb9d8c5",
        "type": "github"
      },
      "original": {
        "owner": "zhaofengli-wip",
        "repo": "nix-homebrew",
        "type": "github"
      }
    },
    "nixpkgs": {
      "locked": {
        "lastModified": 1770843696,
        "narHash": "sha256-LovWTGDwXhkfCOmbgLVA10bvsi/P8eDDpRudgk68HA8=",
        "owner": "NixOS",
        "repo": "nixpkgs",
        "rev": "2343bbb58f99267223bc2aac4fc9ea301a155a16",
        "type": "github"
      },
      "original": {
        "owner": "NixOS",
        "ref": "nixpkgs-unstable",
        "repo": "nixpkgs",
        "type": "github"
      }
    },
    "root": {
      "inputs": {
        "home-manager": "home-manager",
        "homebrew-cask": "homebrew-cask",
        "homebrew-core": "homebrew-core",
        "nix-darwin": "nix-darwin",
        "nix-homebrew": "nix-homebrew",
        "nixpkgs": "nixpkgs",
        "sinelaw-homebrew-fresh": "sinelaw-homebrew-fresh"
      }
    },
    "sinelaw-homebrew-fresh": {
      "flake": false,
      "locked": {
        "lastModified": 1770832848,
        "narHash": "sha256-1JUC8Gcm9clDWtfYXRFSUUVHdj/3M8d0EyR7hSloibo=",
        "owner": "sinelaw",
        "repo": "homebrew-fresh",
        "rev": "a144c0466c34903f9f54e88652be1850b067d6de",
        "type": "github"
      },
      "original": {
        "owner": "sinelaw",
        "repo": "homebrew-fresh",
        "type": "github"
      }
    }
  },
  "root": "root",
  "version": 7
}
